// !$*UTF8*$!
{
	archiveVersion = 1;
	classes = {
	};
	objectVersion = 56;
	objects = {

/* Begin PBXBuildFile section */
		2C3E60572D98FF8000F13419 /* AppDelegate.swift in Sources */ = {isa = PBXBuildFile; fileRef = 2C3E60562D98FF8000F13419 /* AppDelegate.swift */; };
		2C3E60592D98FF8000F13419 /* GameViewController.swift in Sources */ = {isa = PBXBuildFile; fileRef = 2C3E60582D98FF8000F13419 /* GameViewController.swift */; };
		2C3E605C2D98FF8000F13419 /* Base in Resources */ = {isa = PBXBuildFile; fileRef = 2C3E605B2D98FF8000F13419 /* Base */; };
		2C3E605F2D98FF8000F13419 /* Base in Resources */ = {isa = PBXBuildFile; fileRef = 2C3E605E2D98FF8000F13419 /* Base */; };
		2C3E60672D98FF8000F13419 /* AppDelegate.swift in Sources */ = {isa = PBXBuildFile; fileRef = 2C3E60662D98FF8000F13419 /* AppDelegate.swift */; };
		2C3E60692D98FF8000F13419 /* GameViewController.swift in Sources */ = {isa = PBXBuildFile; fileRef = 2C3E60682D98FF8000F13419 /* GameViewController.swift */; };
		2C3E606C2D98FF8000F13419 /* Base in Resources */ = {isa = PBXBuildFile; fileRef = 2C3E606B2D98FF8000F13419 /* Base */; };
		2C3E606F2D98FF8000F13419 /* Base in Resources */ = {isa = PBXBuildFile; fileRef = 2C3E606E2D98FF8000F13419 /* Base */; };
		2C3E60772D98FF8000F13419 /* AppDelegate.swift in Sources */ = {isa = PBXBuildFile; fileRef = 2C3E60762D98FF8000F13419 /* AppDelegate.swift */; };
		2C3E60792D98FF8000F13419 /* GameViewController.swift in Sources */ = {isa = PBXBuildFile; fileRef = 2C3E60782D98FF8000F13419 /* GameViewController.swift */; };
		2C3E607C2D98FF8000F13419 /* Base in Resources */ = {isa = PBXBuildFile; fileRef = 2C3E607B2D98FF8000F13419 /* Base */; };
		2C3E607E2D98FF8000F13419 /* Actions.sks in Resources */ = {isa = PBXBuildFile; fileRef = 2C3E604B2D98FF7D00F13419 /* Actions.sks */; };
		2C3E607F2D98FF8000F13419 /* Actions.sks in Resources */ = {isa = PBXBuildFile; fileRef = 2C3E604B2D98FF7D00F13419 /* Actions.sks */; };
		2C3E60802D98FF8000F13419 /* Actions.sks in Resources */ = {isa = PBXBuildFile; fileRef = 2C3E604B2D98FF7D00F13419 /* Actions.sks */; };
		2C3E60812D98FF8000F13419 /* GameScene.sks in Resources */ = {isa = PBXBuildFile; fileRef = 2C3E604C2D98FF7D00F13419 /* GameScene.sks */; };
		2C3E60822D98FF8000F13419 /* GameScene.sks in Resources */ = {isa = PBXBuildFile; fileRef = 2C3E604C2D98FF7D00F13419 /* GameScene.sks */; };
		2C3E60832D98FF8000F13419 /* GameScene.sks in Resources */ = {isa = PBXBuildFile; fileRef = 2C3E604C2D98FF7D00F13419 /* GameScene.sks */; };
		2C3E60842D98FF8000F13419 /* GameScene.swift in Sources */ = {isa = PBXBuildFile; fileRef = 2C3E604D2D98FF7D00F13419 /* GameScene.swift */; };
		2C3E60852D98FF8000F13419 /* GameScene.swift in Sources */ = {isa = PBXBuildFile; fileRef = 2C3E604D2D98FF7D00F13419 /* GameScene.swift */; };
		2C3E60862D98FF8000F13419 /* GameScene.swift in Sources */ = {isa = PBXBuildFile; fileRef = 2C3E604D2D98FF7D00F13419 /* GameScene.swift */; };
		2C3E60872D98FF8000F13419 /* Assets.xcassets in Resources */ = {isa = PBXBuildFile; fileRef = 2C3E604E2D98FF8000F13419 /* Assets.xcassets */; };
		2C3E60882D98FF8000F13419 /* Assets.xcassets in Resources */ = {isa = PBXBuildFile; fileRef = 2C3E604E2D98FF8000F13419 /* Assets.xcassets */; };
		2C3E60892D98FF8000F13419 /* Assets.xcassets in Resources */ = {isa = PBXBuildFile; fileRef = 2C3E604E2D98FF8000F13419 /* Assets.xcassets */; };
/* End PBXBuildFile section */

/* Begin PBXFileReference section */
		2C3E604B2D98FF7D00F13419 /* Actions.sks */ = {isa = PBXFileReference; lastKnownFileType = file.sks; path = Actions.sks; sourceTree = "<group>"; };
		2C3E604C2D98FF7D00F13419 /* GameScene.sks */ = {isa = PBXFileReference; lastKnownFileType = file.sks; path = GameScene.sks; sourceTree = "<group>"; };
		2C3E604D2D98FF7D00F13419 /* GameScene.swift */ = {isa = PBXFileReference; lastKnownFileType = sourcecode.swift; path = GameScene.swift; sourceTree = "<group>"; };
		2C3E604E2D98FF8000F13419 /* Assets.xcassets */ = {isa = PBXFileReference; lastKnownFileType = folder.assetcatalog; path = Assets.xcassets; sourceTree = "<group>"; };
		2C3E60532D98FF8000F13419 /* fungame.app */ = {isa = PBXFileReference; explicitFileType = wrapper.application; includeInIndex = 0; path = fungame.app; sourceTree = BUILT_PRODUCTS_DIR; };
		2C3E60562D98FF8000F13419 /* AppDelegate.swift */ = {isa = PBXFileReference; lastKnownFileType = sourcecode.swift; path = AppDelegate.swift; sourceTree = "<group>"; };
		2C3E60582D98FF8000F13419 /* GameViewController.swift */ = {isa = PBXFileReference; lastKnownFileType = sourcecode.swift; path = GameViewController.swift; sourceTree = "<group>"; };
		2C3E605B2D98FF8000F13419 /* Base */ = {isa = PBXFileReference; lastKnownFileType = file.storyboard; name = Base; path = Base.lproj/Main.storyboard; sourceTree = "<group>"; };
		2C3E605E2D98FF8000F13419 /* Base */ = {isa = PBXFileReference; lastKnownFileType = file.storyboard; name = Base; path = Base.lproj/LaunchScreen.storyboard; sourceTree = "<group>"; };
		2C3E60642D98FF8000F13419 /* fungame.app */ = {isa = PBXFileReference; explicitFileType = wrapper.application; includeInIndex = 0; path = fungame.app; sourceTree = BUILT_PRODUCTS_DIR; };
		2C3E60662D98FF8000F13419 /* AppDelegate.swift */ = {isa = PBXFileReference; lastKnownFileType = sourcecode.swift; path = AppDelegate.swift; sourceTree = "<group>"; };
		2C3E60682D98FF8000F13419 /* GameViewController.swift */ = {isa = PBXFileReference; lastKnownFileType = sourcecode.swift; path = GameViewController.swift; sourceTree = "<group>"; };
		2C3E606B2D98FF8000F13419 /* Base */ = {isa = PBXFileReference; lastKnownFileType = file.storyboard; name = Base; path = Base.lproj/Main.storyboard; sourceTree = "<group>"; };
		2C3E606E2D98FF8000F13419 /* Base */ = {isa = PBXFileReference; lastKnownFileType = file.storyboard; name = Base; path = Base.lproj/LaunchScreen.storyboard; sourceTree = "<group>"; };
		2C3E60742D98FF8000F13419 /* fungame.app */ = {isa = PBXFileReference; explicitFileType = wrapper.application; includeInIndex = 0; path = fungame.app; sourceTree = BUILT_PRODUCTS_DIR; };
		2C3E60762D98FF8000F13419 /* AppDelegate.swift */ = {isa = PBXFileReference; lastKnownFileType = sourcecode.swift; path = AppDelegate.swift; sourceTree = "<group>"; };
		2C3E60782D98FF8000F13419 /* GameViewController.swift */ = {isa = PBXFileReference; lastKnownFileType = sourcecode.swift; path = GameViewController.swift; sourceTree = "<group>"; };
		2C3E607B2D98FF8000F13419 /* Base */ = {isa = PBXFileReference; lastKnownFileType = file.storyboard; name = Base; path = Base.lproj/Main.storyboard; sourceTree = "<group>"; };
		2C3E607D2D98FF8000F13419 /* fungame_macOS.entitlements */ = {isa = PBXFileReference; lastKnownFileType = text.plist.entitlements; path = fungame_macOS.entitlements; sourceTree = "<group>"; };
/* End PBXFileReference section */

/* Begin PBXFrameworksBuildPhase section */
		2C3E60502D98FF8000F13419 /* Frameworks */ = {
			isa = PBXFrameworksBuildPhase;
			buildActionMask = 2147483647;
			files = (
			);
			runOnlyForDeploymentPostprocessing = 0;
		};
		2C3E60612D98FF8000F13419 /* Frameworks */ = {
			isa = PBXFrameworksBuildPhase;
			buildActionMask = 2147483647;
			files = (
			);
			runOnlyForDeploymentPostprocessing = 0;
		};
		2C3E60712D98FF8000F13419 /* Frameworks */ = {
			isa = PBXFrameworksBuildPhase;
			buildActionMask = 2147483647;
			files = (
			);
			runOnlyForDeploymentPostprocessing = 0;
		};
/* End PBXFrameworksBuildPhase section */

/* Begin PBXGroup section */
		2C3E60452D98FF7D00F13419 = {
			isa = PBXGroup;
			children = (
				2C3E604A2D98FF7D00F13419 /* fungame Shared */,
				2C3E60552D98FF8000F13419 /* fungame iOS */,
				2C3E60652D98FF8000F13419 /* fungame tvOS */,
				2C3E60752D98FF8000F13419 /* fungame macOS */,
				2C3E60542D98FF8000F13419 /* Products */,
			);
			sourceTree = "<group>";
		};
		2C3E604A2D98FF7D00F13419 /* fungame Shared */ = {
			isa = PBXGroup;
			children = (
				2C3E604B2D98FF7D00F13419 /* Actions.sks */,
				2C3E604C2D98FF7D00F13419 /* GameScene.sks */,
				2C3E604D2D98FF7D00F13419 /* GameScene.swift */,
				2C3E604E2D98FF8000F13419 /* Assets.xcassets */,
			);
			path = "fungame Shared";
			sourceTree = "<group>";
		};
		2C3E60542D98FF8000F13419 /* Products */ = {
			isa = PBXGroup;
			children = (
				2C3E60532D98FF8000F13419 /* fungame.app */,
				2C3E60642D98FF8000F13419 /* fungame.app */,
				2C3E60742D98FF8000F13419 /* fungame.app */,
			);
			name = Products;
			sourceTree = "<group>";
		};
		2C3E60552D98FF8000F13419 /* fungame iOS */ = {
			isa = PBXGroup;
			children = (
				2C3E60562D98FF8000F13419 /* AppDelegate.swift */,
				2C3E60582D98FF8000F13419 /* GameViewController.swift */,
				2C3E605A2D98FF8000F13419 /* Main.storyboard */,
				2C3E605D2D98FF8000F13419 /* LaunchScreen.storyboard */,
			);
			path = "fungame iOS";
			sourceTree = "<group>";
		};
		2C3E60652D98FF8000F13419 /* fungame tvOS */ = {
			isa = PBXGroup;
			children = (
				2C3E60662D98FF8000F13419 /* AppDelegate.swift */,
				2C3E60682D98FF8000F13419 /* GameViewController.swift */,
				2C3E606A2D98FF8000F13419 /* Main.storyboard */,
				2C3E606D2D98FF8000F13419 /* LaunchScreen.storyboard */,
			);
			path = "fungame tvOS";
			sourceTree = "<group>";
		};
		2C3E60752D98FF8000F13419 /* fungame macOS */ = {
			isa = PBXGroup;
			children = (
				2C3E60762D98FF8000F13419 /* AppDelegate.swift */,
				2C3E60782D98FF8000F13419 /* GameViewController.swift */,
				2C3E607A2D98FF8000F13419 /* Main.storyboard */,
				2C3E607D2D98FF8000F13419 /* fungame_macOS.entitlements */,
			);
			path = "fungame macOS";
			sourceTree = "<group>";
		};
/* End PBXGroup section */

/* Begin PBXNativeTarget section */
		2C3E60522D98FF8000F13419 /* fungame iOS */ = {
			isa = PBXNativeTarget;
			buildConfigurationList = 2C3E608C2D98FF8000F13419 /* Build configuration list for PBXNativeTarget "fungame iOS" */;
			buildPhases = (
				2C3E604F2D98FF8000F13419 /* Sources */,
				2C3E60502D98FF8000F13419 /* Frameworks */,
				2C3E60512D98FF8000F13419 /* Resources */,
			);
			buildRules = (
			);
			dependencies = (
			);
			name = "fungame iOS";
			productName = "fungame iOS";
			productReference = 2C3E60532D98FF8000F13419 /* fungame.app */;
			productType = "com.apple.product-type.application";
		};
		2C3E60632D98FF8000F13419 /* fungame tvOS */ = {
			isa = PBXNativeTarget;
			buildConfigurationList = 2C3E608F2D98FF8000F13419 /* Build configuration list for PBXNativeTarget "fungame tvOS" */;
			buildPhases = (
				2C3E60602D98FF8000F13419 /* Sources */,
				2C3E60612D98FF8000F13419 /* Frameworks */,
				2C3E60622D98FF8000F13419 /* Resources */,
			);
			buildRules = (
			);
			dependencies = (
			);
			name = "fungame tvOS";
			productName = "fungame tvOS";
			productReference = 2C3E60642D98FF8000F13419 /* fungame.app */;
			productType = "com.apple.product-type.application";
		};
		2C3E60732D98FF8000F13419 /* fungame macOS */ = {
			isa = PBXNativeTarget;
			buildConfigurationList = 2C3E60922D98FF8000F13419 /* Build configuration list for PBXNativeTarget "fungame macOS" */;
			buildPhases = (
				2C3E60702D98FF8000F13419 /* Sources */,
				2C3E60712D98FF8000F13419 /* Frameworks */,
				2C3E60722D98FF8000F13419 /* Resources */,
			);
			buildRules = (
			);
			dependencies = (
			);
			name = "fungame macOS";
			productName = "fungame macOS";
			productReference = 2C3E60742D98FF8000F13419 /* fungame.app */;
			productType = "com.apple.product-type.application";
		};
/* End PBXNativeTarget section */

/* Begin PBXProject section */
		2C3E60462D98FF7D00F13419 /* Project object */ = {
			isa = PBXProject;
			attributes = {
				BuildIndependentTargetsInParallel = 1;
				LastSwiftUpdateCheck = 1530;
				LastUpgradeCheck = 1530;
				TargetAttributes = {
					2C3E60522D98FF8000F13419 = {
						CreatedOnToolsVersion = 15.3;
					};
					2C3E60632D98FF8000F13419 = {
						CreatedOnToolsVersion = 15.3;
					};
					2C3E60732D98FF8000F13419 = {
						CreatedOnToolsVersion = 15.3;
					};
				};
			};
			buildConfigurationList = 2C3E60492D98FF7D00F13419 /* Build configuration list for PBXProject "fungame" */;
			compatibilityVersion = "Xcode 14.0";
			developmentRegion = en;
			hasScannedForEncodings = 0;
			knownRegions = (
				en,
				Base,
			);
			mainGroup = 2C3E60452D98FF7D00F13419;
			productRefGroup = 2C3E60542D98FF8000F13419 /* Products */;
			projectDirPath = "";
			projectRoot = "";
			targets = (
				2C3E60522D98FF8000F13419 /* fungame iOS */,
				2C3E60632D98FF8000F13419 /* fungame tvOS */,
				2C3E60732D98FF8000F13419 /* fungame macOS */,
			);
		};
/* End PBXProject section */

/* Begin PBXResourcesBuildPhase section */
		2C3E60512D98FF8000F13419 /* Resources */ = {
			isa = PBXResourcesBuildPhase;
			buildActionMask = 2147483647;
			files = (
				2C3E60812D98FF8000F13419 /* GameScene.sks in Resources */,
				2C3E605C2D98FF8000F13419 /* Base in Resources */,
				2C3E607E2D98FF8000F13419 /* Actions.sks in Resources */,
				2C3E605F2D98FF8000F13419 /* Base in Resources */,
				2C3E60872D98FF8000F13419 /* Assets.xcassets in Resources */,
			);
			runOnlyForDeploymentPostprocessing = 0;
		};
		2C3E60622D98FF8000F13419 /* Resources */ = {
			isa = PBXResourcesBuildPhase;
			buildActionMask = 2147483647;
			files = (
				2C3E60822D98FF8000F13419 /* GameScene.sks in Resources */,
				2C3E606C2D98FF8000F13419 /* Base in Resources */,
				2C3E607F2D98FF8000F13419 /* Actions.sks in Resources */,
				2C3E606F2D98FF8000F13419 /* Base in Resources */,
				2C3E60882D98FF8000F13419 /* Assets.xcassets in Resources */,
			);
			runOnlyForDeploymentPostprocessing = 0;
		};
		2C3E60722D98FF8000F13419 /* Resources */ = {
			isa = PBXResourcesBuildPhase;
			buildActionMask = 2147483647;
			files = (
				2C3E607C2D98FF8000F13419 /* Base in Resources */,
				2C3E60832D98FF8000F13419 /* GameScene.sks in Resources */,
				2C3E60892D98FF8000F13419 /* Assets.xcassets in Resources */,
				2C3E60802D98FF8000F13419 /* Actions.sks in Resources */,
			);
			runOnlyForDeploymentPostprocessing = 0;
		};
/* End PBXResourcesBuildPhase section */

/* Begin PBXSourcesBuildPhase section */
		2C3E604F2D98FF8000F13419 /* Sources */ = {
			isa = PBXSourcesBuildPhase;
			buildActionMask = 2147483647;
			files = (
				2C3E60842D98FF8000F13419 /* GameScene.swift in Sources */,
				2C3E60592D98FF8000F13419 /* GameViewController.swift in Sources */,
				2C3E60572D98FF8000F13419 /* AppDelegate.swift in Sources */,
			);
			runOnlyForDeploymentPostprocessing = 0;
		};
		2C3E60602D98FF8000F13419 /* Sources */ = {
			isa = PBXSourcesBuildPhase;
			buildActionMask = 2147483647;
			files = (
				2C3E60852D98FF8000F13419 /* GameScene.swift in Sources */,
				2C3E60692D98FF8000F13419 /* GameViewController.swift in Sources */,
				2C3E60672D98FF8000F13419 /* AppDelegate.swift in Sources */,
			);
			runOnlyForDeploymentPostprocessing = 0;
		};
		2C3E60702D98FF8000F13419 /* Sources */ = {
			isa = PBXSourcesBuildPhase;
			buildActionMask = 2147483647;
			files = (
				2C3E60862D98FF8000F13419 /* GameScene.swift in Sources */,
				2C3E60792D98FF8000F13419 /* GameViewController.swift in Sources */,
				2C3E60772D98FF8000F13419 /* AppDelegate.swift in Sources */,
			);
			runOnlyForDeploymentPostprocessing = 0;
		};
/* End PBXSourcesBuildPhase section */

/* Begin PBXVariantGroup section */
		2C3E605A2D98FF8000F13419 /* Main.storyboard */ = {
			isa = PBXVariantGroup;
			children = (
				2C3E605B2D98FF8000F13419 /* Base */,
			);
			name = Main.storyboard;
			sourceTree = "<group>";
		};
		2C3E605D2D98FF8000F13419 /* LaunchScreen.storyboard */ = {
			isa = PBXVariantGroup;
			children = (
				2C3E605E2D98FF8000F13419 /* Base */,
			);
			name = LaunchScreen.storyboard;
			sourceTree = "<group>";
		};
		2C3E606A2D98FF8000F13419 /* Main.storyboard */ = {
			isa = PBXVariantGroup;
			children = (
				2C3E606B2D98FF8000F13419 /* Base */,
			);
			name = Main.storyboard;
			sourceTree = "<group>";
		};
		2C3E606D2D98FF8000F13419 /* LaunchScreen.storyboard */ = {
			isa = PBXVariantGroup;
			children = (
				2C3E606E2D98FF8000F13419 /* Base */,
			);
			name = LaunchScreen.storyboard;
			sourceTree = "<group>";
		};
		2C3E607A2D98FF8000F13419 /* Main.storyboard */ = {
			isa = PBXVariantGroup;
			children = (
				2C3E607B2D98FF8000F13419 /* Base */,
			);
			name = Main.storyboard;
			sourceTree = "<group>";
		};
/* End PBXVariantGroup section */

/* Begin XCBuildConfiguration section */
		2C3E608A2D98FF8000F13419 /* Debug */ = {
			isa = XCBuildConfiguration;
			buildSettings = {
				ALWAYS_SEARCH_USER_PATHS = NO;
				ASSETCATALOG_COMPILER_GENERATE_SWIFT_ASSET_SYMBOL_EXTENSIONS = YES;
				CLANG_ANALYZER_NONNULL = YES;
				CLANG_ANALYZER_NUMBER_OBJECT_CONVERSION = YES_AGGRESSIVE;
				CLANG_CXX_LANGUAGE_STANDARD = "gnu++20";
				CLANG_ENABLE_MODULES = YES;
				CLANG_ENABLE_OBJC_ARC = YES;
				CLANG_ENABLE_OBJC_WEAK = YES;
				CLANG_WARN_BLOCK_CAPTURE_AUTORELEASING = YES;
				CLANG_WARN_BOOL_CONVERSION = YES;
				CLANG_WARN_COMMA = YES;
				CLANG_WARN_CONSTANT_CONVERSION = YES;
				CLANG_WARN_DEPRECATED_OBJC_IMPLEMENTATIONS = YES;
				CLANG_WARN_DIRECT_OBJC_ISA_USAGE = YES_ERROR;
				CLANG_WARN_DOCUMENTATION_COMMENTS = YES;
				CLANG_WARN_EMPTY_BODY = YES;
				CLANG_WARN_ENUM_CONVERSION = YES;
				CLANG_WARN_INFINITE_RECURSION = YES;
				CLANG_WARN_INT_CONVERSION = YES;
				CLANG_WARN_NON_LITERAL_NULL_CONVERSION = YES;
				CLANG_WARN_OBJC_IMPLICIT_RETAIN_SELF = YES;
				CLANG_WARN_OBJC_LITERAL_CONVERSION = YES;
				CLANG_WARN_OBJC_ROOT_CLASS = YES_ERROR;
				CLANG_WARN_QUOTED_INCLUDE_IN_FRAMEWORK_HEADER = YES;
				CLANG_WARN_RANGE_LOOP_ANALYSIS = YES;
				CLANG_WARN_STRICT_PROTOTYPES = YES;
				CLANG_WARN_SUSPICIOUS_MOVE = YES;
				CLANG_WARN_UNGUARDED_AVAILABILITY = YES_AGGRESSIVE;
				CLANG_WARN_UNREACHABLE_CODE = YES;
				CLANG_WARN__DUPLICATE_METHOD_MATCH = YES;
				COPY_PHASE_STRIP = NO;
				DEBUG_INFORMATION_FORMAT = dwarf;
				ENABLE_STRICT_OBJC_MSGSEND = YES;
				ENABLE_TESTABILITY = YES;
				ENABLE_USER_SCRIPT_SANDBOXING = YES;
				GCC_C_LANGUAGE_STANDARD = gnu17;
				GCC_DYNAMIC_NO_PIC = NO;
				GCC_NO_COMMON_BLOCKS = YES;
				GCC_OPTIMIZATION_LEVEL = 0;
				GCC_PREPROCESSOR_DEFINITIONS = (
					"DEBUG=1",
					"$(inherited)",
				);
				GCC_WARN_64_TO_32_BIT_CONVERSION = YES;
				GCC_WARN_ABOUT_RETURN_TYPE = YES_ERROR;
				GCC_WARN_UNDECLARED_SELECTOR = YES;
				GCC_WARN_UNINITIALIZED_AUTOS = YES_AGGRESSIVE;
				GCC_WARN_UNUSED_FUNCTION = YES;
				GCC_WARN_UNUSED_VARIABLE = YES;
				LOCALIZATION_PREFERS_STRING_CATALOGS = YES;
				MTL_ENABLE_DEBUG_INFO = INCLUDE_SOURCE;
				MTL_FAST_MATH = YES;
				ONLY_ACTIVE_ARCH = YES;
				SWIFT_ACTIVE_COMPILATION_CONDITIONS = "DEBUG $(inherited)";
				SWIFT_OPTIMIZATION_LEVEL = "-Onone";
			};
			name = Debug;
		};
		2C3E608B2D98FF8000F13419 /* Release */ = {
			isa = XCBuildConfiguration;
			buildSettings = {
				ALWAYS_SEARCH_USER_PATHS = NO;
				ASSETCATALOG_COMPILER_GENERATE_SWIFT_ASSET_SYMBOL_EXTENSIONS = YES;
				CLANG_ANALYZER_NONNULL = YES;
				CLANG_ANALYZER_NUMBER_OBJECT_CONVERSION = YES_AGGRESSIVE;
				CLANG_CXX_LANGUAGE_STANDARD = "gnu++20";
				CLANG_ENABLE_MODULES = YES;
				CLANG_ENABLE_OBJC_ARC = YES;
				CLANG_ENABLE_OBJC_WEAK = YES;
				CLANG_WARN_BLOCK_CAPTURE_AUTORELEASING = YES;
				CLANG_WARN_BOOL_CONVERSION = YES;
				CLANG_WARN_COMMA = YES;
				CLANG_WARN_CONSTANT_CONVERSION = YES;
				CLANG_WARN_DEPRECATED_OBJC_IMPLEMENTATIONS = YES;
				CLANG_WARN_DIRECT_OBJC_ISA_USAGE = YES_ERROR;
				CLANG_WARN_DOCUMENTATION_COMMENTS = YES;
				CLANG_WARN_EMPTY_BODY = YES;
				CLANG_WARN_ENUM_CONVERSION = YES;
				CLANG_WARN_INFINITE_RECURSION = YES;
				CLANG_WARN_INT_CONVERSION = YES;
				CLANG_WARN_NON_LITERAL_NULL_CONVERSION = YES;
				CLANG_WARN_OBJC_IMPLICIT_RETAIN_SELF = YES;
				CLANG_WARN_OBJC_LITERAL_CONVERSION = YES;
				CLANG_WARN_OBJC_ROOT_CLASS = YES_ERROR;
				CLANG_WARN_QUOTED_INCLUDE_IN_FRAMEWORK_HEADER = YES;
				CLANG_WARN_RANGE_LOOP_ANALYSIS = YES;
				CLANG_WARN_STRICT_PROTOTYPES = YES;
				CLANG_WARN_SUSPICIOUS_MOVE = YES;
				CLANG_WARN_UNGUARDED_AVAILABILITY = YES_AGGRESSIVE;
				CLANG_WARN_UNREACHABLE_CODE = YES;
				CLANG_WARN__DUPLICATE_METHOD_MATCH = YES;
				COPY_PHASE_STRIP = NO;
				DEBUG_INFORMATION_FORMAT = "dwarf-with-dsym";
				ENABLE_NS_ASSERTIONS = NO;
				ENABLE_STRICT_OBJC_MSGSEND = YES;
				ENABLE_USER_SCRIPT_SANDBOXING = YES;
				GCC_C_LANGUAGE_STANDARD = gnu17;
				GCC_NO_COMMON_BLOCKS = YES;
				GCC_WARN_64_TO_32_BIT_CONVERSION = YES;
				GCC_WARN_ABOUT_RETURN_TYPE = YES_ERROR;
				GCC_WARN_UNDECLARED_SELECTOR = YES;
				GCC_WARN_UNINITIALIZED_AUTOS = YES_AGGRESSIVE;
				GCC_WARN_UNUSED_FUNCTION = YES;
				GCC_WARN_UNUSED_VARIABLE = YES;
				LOCALIZATION_PREFERS_STRING_CATALOGS = YES;
				MTL_ENABLE_DEBUG_INFO = NO;
				MTL_FAST_MATH = YES;
				SWIFT_COMPILATION_MODE = wholemodule;
			};
			name = Release;
		};
		2C3E608D2D98FF8000F13419 /* Debug */ = {
			isa = XCBuildConfiguration;
			buildSettings = {
				ASSETCATALOG_COMPILER_APPICON_NAME = AppIcon;
				ASSETCATALOG_COMPILER_GLOBAL_ACCENT_COLOR_NAME = AccentColor;
				CODE_SIGN_STYLE = Automatic;
				CURRENT_PROJECT_VERSION = 1;
				DEVELOPMENT_TEAM = 9JW7FTZYKW;
				GENERATE_INFOPLIST_FILE = YES;
				INFOPLIST_KEY_UIApplicationSupportsIndirectInputEvents = YES;
				INFOPLIST_KEY_UILaunchStoryboardName = LaunchScreen;
				INFOPLIST_KEY_UIMainStoryboardFile = Main;
				INFOPLIST_KEY_UIStatusBarHidden = YES;
				INFOPLIST_KEY_UISupportedInterfaceOrientations_iPad = "UIInterfaceOrientationPortrait UIInterfaceOrientationPortraitUpsideDown UIInterfaceOrientationLandscapeLeft UIInterfaceOrientationLandscapeRight";
				INFOPLIST_KEY_UISupportedInterfaceOrientations_iPhone = "UIInterfaceOrientationPortrait UIInterfaceOrientationLandscapeLeft UIInterfaceOrientationLandscapeRight";
				IPHONEOS_DEPLOYMENT_TARGET = 17.4;
				LD_RUNPATH_SEARCH_PATHS = (
					"$(inherited)",
					"@executable_path/Frameworks",
				);
				MARKETING_VERSION = 1.0;
				PRODUCT_BUNDLE_IDENTIFIER = hypersomnia.fungame;
				PRODUCT_NAME = fungame;
				SDKROOT = iphoneos;
				SWIFT_EMIT_LOC_STRINGS = YES;
				SWIFT_VERSION = 5.0;
				TARGETED_DEVICE_FAMILY = "1,2";
			};
			name = Debug;
		};
		2C3E608E2D98FF8000F13419 /* Release */ = {
			isa = XCBuildConfiguration;
			buildSettings = {
				ASSETCATALOG_COMPILER_APPICON_NAME = AppIcon;
				ASSETCATALOG_COMPILER_GLOBAL_ACCENT_COLOR_NAME = AccentColor;
				CODE_SIGN_STYLE = Automatic;
				CURRENT_PROJECT_VERSION = 1;
				DEVELOPMENT_TEAM = 9JW7FTZYKW;
				GENERATE_INFOPLIST_FILE = YES;
				INFOPLIST_KEY_UIApplicationSupportsIndirectInputEvents = YES;
				INFOPLIST_KEY_UILaunchStoryboardName = LaunchScreen;
				INFOPLIST_KEY_UIMainStoryboardFile = Main;
				INFOPLIST_KEY_UIStatusBarHidden = YES;
				INFOPLIST_KEY_UISupportedInterfaceOrientations_iPad = "UIInterfaceOrientationPortrait UIInterfaceOrientationPortraitUpsideDown UIInterfaceOrientationLandscapeLeft UIInterfaceOrientationLandscapeRight";
				INFOPLIST_KEY_UISupportedInterfaceOrientations_iPhone = "UIInterfaceOrientationPortrait UIInterfaceOrientationLandscapeLeft UIInterfaceOrientationLandscapeRight";
				IPHONEOS_DEPLOYMENT_TARGET = 17.4;
				LD_RUNPATH_SEARCH_PATHS = (
					"$(inherited)",
					"@executable_path/Frameworks",
				);
				MARKETING_VERSION = 1.0;
				PRODUCT_BUNDLE_IDENTIFIER = hypersomnia.fungame;
				PRODUCT_NAME = fungame;
				SDKROOT = iphoneos;
				SWIFT_EMIT_LOC_STRINGS = YES;
				SWIFT_VERSION = 5.0;
				TARGETED_DEVICE_FAMILY = "1,2";
				VALIDATE_PRODUCT = YES;
			};
			name = Release;
		};
		2C3E60902D98FF8000F13419 /* Debug */ = {
			isa = XCBuildConfiguration;
			buildSettings = {
				ASSETCATALOG_COMPILER_APPICON_NAME = "tvOS App Icon & Top Shelf Image";
				ASSETCATALOG_COMPILER_GLOBAL_ACCENT_COLOR_NAME = AccentColor;
				CODE_SIGN_STYLE = Automatic;
				CURRENT_PROJECT_VERSION = 1;
				DEVELOPMENT_TEAM = 9JW7FTZYKW;
				GENERATE_INFOPLIST_FILE = YES;
				INFOPLIST_KEY_UILaunchStoryboardName = LaunchScreen;
				INFOPLIST_KEY_UIMainStoryboardFile = Main;
				INFOPLIST_KEY_UIUserInterfaceStyle = Automatic;
				LD_RUNPATH_SEARCH_PATHS = (
					"$(inherited)",
					"@executable_path/Frameworks",
				);
				MARKETING_VERSION = 1.0;
				PRODUCT_BUNDLE_IDENTIFIER = hypersomnia.fungame;
				PRODUCT_NAME = fungame;
				SDKROOT = appletvos;
				SWIFT_EMIT_LOC_STRINGS = YES;
				SWIFT_VERSION = 5.0;
				TARGETED_DEVICE_FAMILY = 3;
				TVOS_DEPLOYMENT_TARGET = 17.4;
			};
			name = Debug;
		};
		2C3E60912D98FF8000F13419 /* Release */ = {
			isa = XCBuildConfiguration;
			buildSettings = {
				ASSETCATALOG_COMPILER_APPICON_NAME = "tvOS App Icon & Top Shelf Image";
				ASSETCATALOG_COMPILER_GLOBAL_ACCENT_COLOR_NAME = AccentColor;
				CODE_SIGN_STYLE = Automatic;
				CURRENT_PROJECT_VERSION = 1;
				DEVELOPMENT_TEAM = 9JW7FTZYKW;
				GENERATE_INFOPLIST_FILE = YES;
				INFOPLIST_KEY_UILaunchStoryboardName = LaunchScreen;
				INFOPLIST_KEY_UIMainStoryboardFile = Main;
				INFOPLIST_KEY_UIUserInterfaceStyle = Automatic;
				LD_RUNPATH_SEARCH_PATHS = (
					"$(inherited)",
					"@executable_path/Frameworks",
				);
				MARKETING_VERSION = 1.0;
				PRODUCT_BUNDLE_IDENTIFIER = hypersomnia.fungame;
				PRODUCT_NAME = fungame;
				SDKROOT = appletvos;
				SWIFT_EMIT_LOC_STRINGS = YES;
				SWIFT_VERSION = 5.0;
				TARGETED_DEVICE_FAMILY = 3;
				TVOS_DEPLOYMENT_TARGET = 17.4;
				VALIDATE_PRODUCT = YES;
			};
			name = Release;
		};
		2C3E60932D98FF8000F13419 /* Debug */ = {
			isa = XCBuildConfiguration;
			buildSettings = {
				ASSETCATALOG_COMPILER_APPICON_NAME = AppIcon;
				ASSETCATALOG_COMPILER_GLOBAL_ACCENT_COLOR_NAME = AccentColor;
				CODE_SIGN_ENTITLEMENTS = "fungame macOS/fungame_macOS.entitlements";
				CODE_SIGN_STYLE = Automatic;
				COMBINE_HIDPI_IMAGES = YES;
				CURRENT_PROJECT_VERSION = 1;
				DEVELOPMENT_TEAM = 9JW7FTZYKW;
				ENABLE_HARDENED_RUNTIME = YES;
				GENERATE_INFOPLIST_FILE = YES;
				INFOPLIST_KEY_NSHumanReadableCopyright = "";
				INFOPLIST_KEY_NSMainStoryboardFile = Main;
				INFOPLIST_KEY_NSPrincipalClass = NSApplication;
				LD_RUNPATH_SEARCH_PATHS = (
					"$(inherited)",
					"@executable_path/../Frameworks",
				);
				MACOSX_DEPLOYMENT_TARGET = 14.4;
				MARKETING_VERSION = 1.0;
				PRODUCT_BUNDLE_IDENTIFIER = hypersomnia.fungame;
				PRODUCT_NAME = fungame;
				SDKROOT = macosx;
				SWIFT_EMIT_LOC_STRINGS = YES;
				SWIFT_VERSION = 5.0;
			};
			name = Debug;
		};
		2C3E60942D98FF8000F13419 /* Release */ = {
			isa = XCBuildConfiguration;
			buildSettings = {
				ASSETCATALOG_COMPILER_APPICON_NAME = AppIcon;
				ASSETCATALOG_COMPILER_GLOBAL_ACCENT_COLOR_NAME = AccentColor;
				CODE_SIGN_ENTITLEMENTS = "fungame macOS/fungame_macOS.entitlements";
				CODE_SIGN_STYLE = Automatic;
				COMBINE_HIDPI_IMAGES = YES;
				CURRENT_PROJECT_VERSION = 1;
				DEVELOPMENT_TEAM = 9JW7FTZYKW;
				ENABLE_HARDENED_RUNTIME = YES;
				GENERATE_INFOPLIST_FILE = YES;
				INFOPLIST_KEY_NSHumanReadableCopyright = "";
				INFOPLIST_KEY_NSMainStoryboardFile = Main;
				INFOPLIST_KEY_NSPrincipalClass = NSApplication;
				LD_RUNPATH_SEARCH_PATHS = (
					"$(inherited)",
					"@executable_path/../Frameworks",
				);
				MACOSX_DEPLOYMENT_TARGET = 14.4;
				MARKETING_VERSION = 1.0;
				PRODUCT_BUNDLE_IDENTIFIER = hypersomnia.fungame;
				PRODUCT_NAME = fungame;
				SDKROOT = macosx;
				SWIFT_EMIT_LOC_STRINGS = YES;
				SWIFT_VERSION = 5.0;
			};
			name = Release;
		};
/* End XCBuildConfiguration section */

/* Begin XCConfigurationList section */
		2C3E60492D98FF7D00F13419 /* Build configuration list for PBXProject "fungame" */ = {
			isa = XCConfigurationList;
			buildConfigurations = (
				2C3E608A2D98FF8000F13419 /* Debug */,
				2C3E608B2D98FF8000F13419 /* Release */,
			);
			defaultConfigurationIsVisible = 0;
			defaultConfigurationName = Release;
		};
		2C3E608C2D98FF8000F13419 /* Build configuration list for PBXNativeTarget "fungame iOS" */ = {
			isa = XCConfigurationList;
			buildConfigurations = (
				2C3E608D2D98FF8000F13419 /* Debug */,
				2C3E608E2D98FF8000F13419 /* Release */,
			);
			defaultConfigurationIsVisible = 0;
			defaultConfigurationName = Release;
		};
		2C3E608F2D98FF8000F13419 /* Build configuration list for PBXNativeTarget "fungame tvOS" */ = {
			isa = XCConfigurationList;
			buildConfigurations = (
				2C3E60902D98FF8000F13419 /* Debug */,
				2C3E60912D98FF8000F13419 /* Release */,
			);
			defaultConfigurationIsVisible = 0;
			defaultConfigurationName = Release;
		};
		2C3E60922D98FF8000F13419 /* Build configuration list for PBXNativeTarget "fungame macOS" */ = {
			isa = XCConfigurationList;
			buildConfigurations = (
				2C3E60932D98FF8000F13419 /* Debug */,
				2C3E60942D98FF8000F13419 /* Release */,
			);
			defaultConfigurationIsVisible = 0;
			defaultConfigurationName = Release;
		};
/* End XCConfigurationList section */
	};
	rootObject = 2C3E60462D98FF7D00F13419 /* Project object */;
}
